
Microsoft Visual Studio Solution File, Format Version 12.00
# Visual Studio Version 16
VisualStudioVersion = 16.0.31507.150
MinimumVisualStudioVersion = 10.0.40219.1
Project("{FAE04EC0-301F-11D3-BF4B-00C04F79EFBC}") = "Банкомат", "Банкомат.csproj", "{866C8514-C75D-4BE7-BB44-E4558E0C44C6}"
EndProject
Global
	GlobalSection(SolutionConfigurationPlatforms) = preSolution
		Debug|Any CPU = Debug|Any CPU
		Release|Any CPU = Release|Any CPU
	EndGlobalSection
	GlobalSection(ProjectConfigurationPlatforms) = postSolution
		{866C8514-C75D-4BE7-BB44-E4558E0C44C6}.Debug|Any CPU.ActiveCfg = Debug|Any CPU
		{866C8514-C75D-4BE7-BB44-E4558E0C44C6}.Debug|Any CPU.Build.0 = Debug|Any CPU
		{866C8514-C75D-4BE7-BB44-E4558E0C44C6}.Release|Any CPU.ActiveCfg = Release|Any CPU
		{866C8514-C75D-4BE7-BB44-E4558E0C44C6}.Release|Any CPU.Build.0 = Release|Any CPU
	EndGlobalSection
	GlobalSection(SolutionProperties) = preSolution
		HideSolutionNode = FALSE
	EndGlobalSection
	GlobalSection(ExtensibilityGlobals) = postSolution
		SolutionGuid = {62BBED39-17EC-48A0-B81E-91770FD3D5D7}
	EndGlobalSection
EndGlobal
